// !$*UTF8*$!
{
	archiveVersion = 1;
	classes = {
	};
	objectVersion = 50;
	objects = {

/* Begin PBXBuildFile section */
		18004B29235C4B9900CD0AF4 /* AppDelegate.swift in Sources */ = {isa = PBXBuildFile; fileRef = 18004B28235C4B9900CD0AF4 /* AppDelegate.swift */; };
		18004B2B235C4B9900CD0AF4 /* ViewController.swift in Sources */ = {isa = PBXBuildFile; fileRef = 18004B2A235C4B9900CD0AF4 /* ViewController.swift */; };
		18004B2E235C4B9900CD0AF4 /* Main.storyboard in Resources */ = {isa = PBXBuildFile; fileRef = 18004B2C235C4B9900CD0AF4 /* Main.storyboard */; };
		18004B31235C4B9900CD0AF4 /* EasyFilter.xcdatamodeld in Sources */ = {isa = PBXBuildFile; fileRef = 18004B2F235C4B9900CD0AF4 /* EasyFilter.xcdatamodeld */; };
		18004B33235C4B9F00CD0AF4 /* Assets.xcassets in Resources */ = {isa = PBXBuildFile; fileRef = 18004B32235C4B9F00CD0AF4 /* Assets.xcassets */; };
		18004B36235C4B9F00CD0AF4 /* LaunchScreen.storyboard in Resources */ = {isa = PBXBuildFile; fileRef = 18004B34235C4B9F00CD0AF4 /* LaunchScreen.storyboard */; };
		18004B3E235C52DA00CD0AF4 /* UIImage+Ext.swift in Sources */ = {isa = PBXBuildFile; fileRef = 18004B3D235C52DA00CD0AF4 /* UIImage+Ext.swift */; };
		18004B44235C965B00CD0AF4 /* ApplyFilterViewController.swift in Sources */ = {isa = PBXBuildFile; fileRef = 18004B43235C965B00CD0AF4 /* ApplyFilterViewController.swift */; };
		18004B462362175000CD0AF4 /* ApplyFilter.storyboard in Resources */ = {isa = PBXBuildFile; fileRef = 18004B452362175000CD0AF4 /* ApplyFilter.storyboard */; };
		18004B49236690A200CD0AF4 /* blur.txt in Resources */ = {isa = PBXBuildFile; fileRef = 18004B48236690A200CD0AF4 /* blur.txt */; };
		18004B4D2367E2EB00CD0AF4 /* FilterDetail.swift in Sources */ = {isa = PBXBuildFile; fileRef = 18004B4C2367E2EB00CD0AF4 /* FilterDetail.swift */; };
		18004B4F2368106A00CD0AF4 /* FilterData.swift in Sources */ = {isa = PBXBuildFile; fileRef = 18004B4E2368106900CD0AF4 /* FilterData.swift */; };
		18004B51236812D700CD0AF4 /* FilterCategoriesViewController.swift in Sources */ = {isa = PBXBuildFile; fileRef = 18004B50236812D700CD0AF4 /* FilterCategoriesViewController.swift */; };
/* End PBXBuildFile section */

/* Begin PBXFileReference section */
		18004B25235C4B9900CD0AF4 /* EasyFilter.app */ = {isa = PBXFileReference; explicitFileType = wrapper.application; includeInIndex = 0; path = EasyFilter.app; sourceTree = BUILT_PRODUCTS_DIR; };
		18004B28235C4B9900CD0AF4 /* AppDelegate.swift */ = {isa = PBXFileReference; lastKnownFileType = sourcecode.swift; path = AppDelegate.swift; sourceTree = "<group>"; };
		18004B2A235C4B9900CD0AF4 /* ViewController.swift */ = {isa = PBXFileReference; lastKnownFileType = sourcecode.swift; path = ViewController.swift; sourceTree = "<group>"; };
		18004B2D235C4B9900CD0AF4 /* Base */ = {isa = PBXFileReference; lastKnownFileType = file.storyboard; name = Base; path = Base.lproj/Main.storyboard; sourceTree = "<group>"; };
		18004B30235C4B9900CD0AF4 /* EasyFilter.xcdatamodel */ = {isa = PBXFileReference; lastKnownFileType = wrapper.xcdatamodel; path = EasyFilter.xcdatamodel; sourceTree = "<group>"; };
		18004B32235C4B9F00CD0AF4 /* Assets.xcassets */ = {isa = PBXFileReference; lastKnownFileType = folder.assetcatalog; path = Assets.xcassets; sourceTree = "<group>"; };
		18004B35235C4B9F00CD0AF4 /* Base */ = {isa = PBXFileReference; lastKnownFileType = file.storyboard; name = Base; path = Base.lproj/LaunchScreen.storyboard; sourceTree = "<group>"; };
		18004B37235C4B9F00CD0AF4 /* Info.plist */ = {isa = PBXFileReference; lastKnownFileType = text.plist.xml; path = Info.plist; sourceTree = "<group>"; };
		18004B3D235C52DA00CD0AF4 /* UIImage+Ext.swift */ = {isa = PBXFileReference; lastKnownFileType = sourcecode.swift; path = "UIImage+Ext.swift"; sourceTree = "<group>"; };
		18004B43235C965B00CD0AF4 /* ApplyFilterViewController.swift */ = {isa = PBXFileReference; lastKnownFileType = sourcecode.swift; path = ApplyFilterViewController.swift; sourceTree = "<group>"; };
		18004B452362175000CD0AF4 /* ApplyFilter.storyboard */ = {isa = PBXFileReference; lastKnownFileType = file.storyboard; path = ApplyFilter.storyboard; sourceTree = "<group>"; };
		18004B48236690A200CD0AF4 /* blur.txt */ = {isa = PBXFileReference; lastKnownFileType = text; path = blur.txt; sourceTree = "<group>"; };
		18004B4C2367E2EB00CD0AF4 /* FilterDetail.swift */ = {isa = PBXFileReference; lastKnownFileType = sourcecode.swift; path = FilterDetail.swift; sourceTree = "<group>"; };
		18004B4E2368106900CD0AF4 /* FilterData.swift */ = {isa = PBXFileReference; lastKnownFileType = sourcecode.swift; path = FilterData.swift; sourceTree = "<group>"; };
		18004B50236812D700CD0AF4 /* FilterCategoriesViewController.swift */ = {isa = PBXFileReference; lastKnownFileType = sourcecode.swift; path = FilterCategoriesViewController.swift; sourceTree = "<group>"; };
/* End PBXFileReference section */

/* Begin PBXFrameworksBuildPhase section */
		18004B22235C4B9900CD0AF4 /* Frameworks */ = {
			isa = PBXFrameworksBuildPhase;
			buildActionMask = 2147483647;
			files = (
			);
			runOnlyForDeploymentPostprocessing = 0;
		};
/* End PBXFrameworksBuildPhase section */

/* Begin PBXGroup section */
		18004B1C235C4B9900CD0AF4 = {
			isa = PBXGroup;
			children = (
				18004B4C2367E2EB00CD0AF4 /* FilterDetail.swift */,
				18004B4E2368106900CD0AF4 /* FilterData.swift */,
				18004B27235C4B9900CD0AF4 /* EasyFilter */,
				18004B26235C4B9900CD0AF4 /* Products */,
			);
			sourceTree = "<group>";
		};
		18004B26235C4B9900CD0AF4 /* Products */ = {
			isa = PBXGroup;
			children = (
				18004B25235C4B9900CD0AF4 /* EasyFilter.app */,
			);
			name = Products;
			sourceTree = "<group>";
		};
		18004B27235C4B9900CD0AF4 /* EasyFilter */ = {
			isa = PBXGroup;
			children = (
				18004B472366903700CD0AF4 /* JSON */,
				18004B28235C4B9900CD0AF4 /* AppDelegate.swift */,
				18004B42235C960800CD0AF4 /* _Ext */,
				18004B41235C95F400CD0AF4 /* ViewController */,
				18004B522368133200CD0AF4 /* XIB */,
				18004B532368134300CD0AF4 /* Storyboard */,
				18004B32235C4B9F00CD0AF4 /* Assets.xcassets */,
				18004B34235C4B9F00CD0AF4 /* LaunchScreen.storyboard */,
				18004B37235C4B9F00CD0AF4 /* Info.plist */,
				18004B2F235C4B9900CD0AF4 /* EasyFilter.xcdatamodeld */,
			);
			path = EasyFilter;
			sourceTree = "<group>";
		};
		18004B41235C95F400CD0AF4 /* ViewController */ = {
			isa = PBXGroup;
			children = (
				18004B2A235C4B9900CD0AF4 /* ViewController.swift */,
				18004B43235C965B00CD0AF4 /* ApplyFilterViewController.swift */,
				18004B50236812D700CD0AF4 /* FilterCategoriesViewController.swift */,
			);
			path = ViewController;
			sourceTree = "<group>";
		};
		18004B42235C960800CD0AF4 /* _Ext */ = {
			isa = PBXGroup;
			children = (
				18004B3D235C52DA00CD0AF4 /* UIImage+Ext.swift */,
			);
			path = _Ext;
			sourceTree = "<group>";
		};
		18004B472366903700CD0AF4 /* JSON */ = {
			isa = PBXGroup;
			children = (
				18004B48236690A200CD0AF4 /* blur.txt */,
			);
			path = JSON;
			sourceTree = "<group>";
		};
		18004B522368133200CD0AF4 /* XIB */ = {
			isa = PBXGroup;
			children = (
			);
			path = XIB;
			sourceTree = "<group>";
		};
		18004B532368134300CD0AF4 /* Storyboard */ = {
			isa = PBXGroup;
			children = (
				18004B2C235C4B9900CD0AF4 /* Main.storyboard */,
				18004B452362175000CD0AF4 /* ApplyFilter.storyboard */,
			);
			path = Storyboard;
			sourceTree = "<group>";
		};
/* End PBXGroup section */

/* Begin PBXNativeTarget section */
		18004B24235C4B9900CD0AF4 /* EasyFilter */ = {
			isa = PBXNativeTarget;
			buildConfigurationList = 18004B3A235C4B9F00CD0AF4 /* Build configuration list for PBXNativeTarget "EasyFilter" */;
			buildPhases = (
				18004B21235C4B9900CD0AF4 /* Sources */,
				18004B22235C4B9900CD0AF4 /* Frameworks */,
				18004B23235C4B9900CD0AF4 /* Resources */,
			);
			buildRules = (
			);
			dependencies = (
			);
			name = EasyFilter;
			productName = EasyFilter;
			productReference = 18004B25235C4B9900CD0AF4 /* EasyFilter.app */;
			productType = "com.apple.product-type.application";
		};
/* End PBXNativeTarget section */

/* Begin PBXProject section */
		18004B1D235C4B9900CD0AF4 /* Project object */ = {
			isa = PBXProject;
			attributes = {
				LastSwiftUpdateCheck = 1030;
				LastUpgradeCheck = 1030;
				ORGANIZATIONNAME = Nautilus;
				TargetAttributes = {
					18004B24235C4B9900CD0AF4 = {
						CreatedOnToolsVersion = 10.3;
					};
				};
			};
			buildConfigurationList = 18004B20235C4B9900CD0AF4 /* Build configuration list for PBXProject "EasyFilter" */;
			compatibilityVersion = "Xcode 9.3";
			developmentRegion = en;
			hasScannedForEncodings = 0;
			knownRegions = (
				en,
				Base,
			);
			mainGroup = 18004B1C235C4B9900CD0AF4;
			productRefGroup = 18004B26235C4B9900CD0AF4 /* Products */;
			projectDirPath = "";
			projectRoot = "";
			targets = (
				18004B24235C4B9900CD0AF4 /* EasyFilter */,
			);
		};
/* End PBXProject section */

/* Begin PBXResourcesBuildPhase section */
		18004B23235C4B9900CD0AF4 /* Resources */ = {
			isa = PBXResourcesBuildPhase;
			buildActionMask = 2147483647;
			files = (
				18004B36235C4B9F00CD0AF4 /* LaunchScreen.storyboard in Resources */,
				18004B462362175000CD0AF4 /* ApplyFilter.storyboard in Resources */,
				18004B33235C4B9F00CD0AF4 /* Assets.xcassets in Resources */,
				18004B2E235C4B9900CD0AF4 /* Main.storyboard in Resources */,
				18004B49236690A200CD0AF4 /* blur.txt in Resources */,
			);
			runOnlyForDeploymentPostprocessing = 0;
		};
/* End PBXResourcesBuildPhase section */

/* Begin PBXSourcesBuildPhase section */
		18004B21235C4B9900CD0AF4 /* Sources */ = {
			isa = PBXSourcesBuildPhase;
			buildActionMask = 2147483647;
			files = (
				18004B4D2367E2EB00CD0AF4 /* FilterDetail.swift in Sources */,
				18004B2B235C4B9900CD0AF4 /* ViewController.swift in Sources */,
				18004B51236812D700CD0AF4 /* FilterCategoriesViewController.swift in Sources */,
				18004B44235C965B00CD0AF4 /* ApplyFilterViewController.swift in Sources */,
				18004B3E235C52DA00CD0AF4 /* UIImage+Ext.swift in Sources */,
				18004B29235C4B9900CD0AF4 /* AppDelegate.swift in Sources */,
				18004B31235C4B9900CD0AF4 /* EasyFilter.xcdatamodeld in Sources */,
				18004B4F2368106A00CD0AF4 /* FilterData.swift in Sources */,
			);
			runOnlyForDeploymentPostprocessing = 0;
		};
/* End PBXSourcesBuildPhase section */

/* Begin PBXVariantGroup section */
		18004B2C235C4B9900CD0AF4 /* Main.storyboard */ = {
			isa = PBXVariantGroup;
			children = (
				18004B2D235C4B9900CD0AF4 /* Base */,
			);
			name = Main.storyboard;
			sourceTree = "<group>";
		};
		18004B34235C4B9F00CD0AF4 /* LaunchScreen.storyboard */ = {
			isa = PBXVariantGroup;
			children = (
				18004B35235C4B9F00CD0AF4 /* Base */,
			);
			name = LaunchScreen.storyboard;
			sourceTree = "<group>";
		};
/* End PBXVariantGroup section */

/* Begin XCBuildConfiguration section */
		18004B38235C4B9F00CD0AF4 /* Debug */ = {
			isa = XCBuildConfiguration;
			buildSettings = {
				ALWAYS_SEARCH_USER_PATHS = NO;
				CLANG_ANALYZER_NONNULL = YES;
				CLANG_ANALYZER_NUMBER_OBJECT_CONVERSION = YES_AGGRESSIVE;
				CLANG_CXX_LANGUAGE_STANDARD = "gnu++14";
				CLANG_CXX_LIBRARY = "libc++";
				CLANG_ENABLE_MODULES = YES;
				CLANG_ENABLE_OBJC_ARC = YES;
				CLANG_ENABLE_OBJC_WEAK = YES;
				CLANG_WARN_BLOCK_CAPTURE_AUTORELEASING = YES;
				CLANG_WARN_BOOL_CONVERSION = YES;
				CLANG_WARN_COMMA = YES;
				CLANG_WARN_CONSTANT_CONVERSION = YES;
				CLANG_WARN_DEPRECATED_OBJC_IMPLEMENTATIONS = YES;
				CLANG_WARN_DIRECT_OBJC_ISA_USAGE = YES_ERROR;
				CLANG_WARN_DOCUMENTATION_COMMENTS = YES;
				CLANG_WARN_EMPTY_BODY = YES;
				CLANG_WARN_ENUM_CONVERSION = YES;
				CLANG_WARN_INFINITE_RECURSION = YES;
				CLANG_WARN_INT_CONVERSION = YES;
				CLANG_WARN_NON_LITERAL_NULL_CONVERSION = YES;
				CLANG_WARN_OBJC_IMPLICIT_RETAIN_SELF = YES;
				CLANG_WARN_OBJC_LITERAL_CONVERSION = YES;
				CLANG_WARN_OBJC_ROOT_CLASS = YES_ERROR;
				CLANG_WARN_RANGE_LOOP_ANALYSIS = YES;
				CLANG_WARN_STRICT_PROTOTYPES = YES;
				CLANG_WARN_SUSPICIOUS_MOVE = YES;
				CLANG_WARN_UNGUARDED_AVAILABILITY = YES_AGGRESSIVE;
				CLANG_WARN_UNREACHABLE_CODE = YES;
				CLANG_WARN__DUPLICATE_METHOD_MATCH = YES;
				CODE_SIGN_IDENTITY = "iPhone Developer";
				COPY_PHASE_STRIP = NO;
				DEBUG_INFORMATION_FORMAT = dwarf;
				ENABLE_STRICT_OBJC_MSGSEND = YES;
				ENABLE_TESTABILITY = YES;
				GCC_C_LANGUAGE_STANDARD = gnu11;
				GCC_DYNAMIC_NO_PIC = NO;
				GCC_NO_COMMON_BLOCKS = YES;
				GCC_OPTIMIZATION_LEVEL = 0;
				GCC_PREPROCESSOR_DEFINITIONS = (
					"DEBUG=1",
					"$(inherited)",
				);
				GCC_WARN_64_TO_32_BIT_CONVERSION = YES;
				GCC_WARN_ABOUT_RETURN_TYPE = YES_ERROR;
				GCC_WARN_UNDECLARED_SELECTOR = YES;
				GCC_WARN_UNINITIALIZED_AUTOS = YES_AGGRESSIVE;
				GCC_WARN_UNUSED_FUNCTION = YES;
				GCC_WARN_UNUSED_VARIABLE = YES;
				IPHONEOS_DEPLOYMENT_TARGET = 12.4;
				MTL_ENABLE_DEBUG_INFO = INCLUDE_SOURCE;
				MTL_FAST_MATH = YES;
				ONLY_ACTIVE_ARCH = YES;
				SDKROOT = iphoneos;
				SWIFT_ACTIVE_COMPILATION_CONDITIONS = DEBUG;
				SWIFT_OPTIMIZATION_LEVEL = "-Onone";
			};
			name = Debug;
		};
		18004B39235C4B9F00CD0AF4 /* Release */ = {
			isa = XCBuildConfiguration;
			buildSettings = {
				ALWAYS_SEARCH_USER_PATHS = NO;
				CLANG_ANALYZER_NONNULL = YES;
				CLANG_ANALYZER_NUMBER_OBJECT_CONVERSION = YES_AGGRESSIVE;
				CLANG_CXX_LANGUAGE_STANDARD = "gnu++14";
				CLANG_CXX_LIBRARY = "libc++";
				CLANG_ENABLE_MODULES = YES;
				CLANG_ENABLE_OBJC_ARC = YES;
				CLANG_ENABLE_OBJC_WEAK = YES;
				CLANG_WARN_BLOCK_CAPTURE_AUTORELEASING = YES;
				CLANG_WARN_BOOL_CONVERSION = YES;
				CLANG_WARN_COMMA = YES;
				CLANG_WARN_CONSTANT_CONVERSION = YES;
				CLANG_WARN_DEPRECATED_OBJC_IMPLEMENTATIONS = YES;
				CLANG_WARN_DIRECT_OBJC_ISA_USAGE = YES_ERROR;
				CLANG_WARN_DOCUMENTATION_COMMENTS = YES;
				CLANG_WARN_EMPTY_BODY = YES;
				CLANG_WARN_ENUM_CONVERSION = YES;
				CLANG_WARN_INFINITE_RECURSION = YES;
				CLANG_WARN_INT_CONVERSION = YES;
				CLANG_WARN_NON_LITERAL_NULL_CONVERSION = YES;
				CLANG_WARN_OBJC_IMPLICIT_RETAIN_SELF = YES;
				CLANG_WARN_OBJC_LITERAL_CONVERSION = YES;
				CLANG_WARN_OBJC_ROOT_CLASS = YES_ERROR;
				CLANG_WARN_RANGE_LOOP_ANALYSIS = YES;
				CLANG_WARN_STRICT_PROTOTYPES = YES;
				CLANG_WARN_SUSPICIOUS_MOVE = YES;
				CLANG_WARN_UNGUARDED_AVAILABILITY = YES_AGGRESSIVE;
				CLANG_WARN_UNREACHABLE_CODE = YES;
				CLANG_WARN__DUPLICATE_METHOD_MATCH = YES;
				CODE_SIGN_IDENTITY = "iPhone Developer";
				COPY_PHASE_STRIP = NO;
				DEBUG_INFORMATION_FORMAT = "dwarf-with-dsym";
				ENABLE_NS_ASSERTIONS = NO;
				ENABLE_STRICT_OBJC_MSGSEND = YES;
				GCC_C_LANGUAGE_STANDARD = gnu11;
				GCC_NO_COMMON_BLOCKS = YES;
				GCC_WARN_64_TO_32_BIT_CONVERSION = YES;
				GCC_WARN_ABOUT_RETURN_TYPE = YES_ERROR;
				GCC_WARN_UNDECLARED_SELECTOR = YES;
				GCC_WARN_UNINITIALIZED_AUTOS = YES_AGGRESSIVE;
				GCC_WARN_UNUSED_FUNCTION = YES;
				GCC_WARN_UNUSED_VARIABLE = YES;
				IPHONEOS_DEPLOYMENT_TARGET = 12.4;
				MTL_ENABLE_DEBUG_INFO = NO;
				MTL_FAST_MATH = YES;
				SDKROOT = iphoneos;
				SWIFT_COMPILATION_MODE = wholemodule;
				SWIFT_OPTIMIZATION_LEVEL = "-O";
				VALIDATE_PRODUCT = YES;
			};
			name = Release;
		};
		18004B3B235C4B9F00CD0AF4 /* Debug */ = {
			isa = XCBuildConfiguration;
			buildSettings = {
				ASSETCATALOG_COMPILER_APPICON_NAME = AppIcon;
				CODE_SIGN_STYLE = Automatic;
				DEVELOPMENT_TEAM = MTD927KX28;
				INFOPLIST_FILE = EasyFilter/Info.plist;
				LD_RUNPATH_SEARCH_PATHS = (
					"$(inherited)",
					"@executable_path/Frameworks",
				);
				PRODUCT_BUNDLE_IDENTIFIER = com.nautilus.EasyFilter;
				PRODUCT_NAME = "$(TARGET_NAME)";
				SWIFT_VERSION = 5.0;
				TARGETED_DEVICE_FAMILY = "1,2";
			};
			name = Debug;
		};
		18004B3C235C4B9F00CD0AF4 /* Release */ = {
			isa = XCBuildConfiguration;
			buildSettings = {
				ASSETCATALOG_COMPILER_APPICON_NAME = AppIcon;
				CODE_SIGN_STYLE = Automatic;
				DEVELOPMENT_TEAM = MTD927KX28;
				INFOPLIST_FILE = EasyFilter/Info.plist;
				LD_RUNPATH_SEARCH_PATHS = (
					"$(inherited)",
					"@executable_path/Frameworks",
				);
				PRODUCT_BUNDLE_IDENTIFIER = com.nautilus.EasyFilter;
				PRODUCT_NAME = "$(TARGET_NAME)";
				SWIFT_VERSION = 5.0;
				TARGETED_DEVICE_FAMILY = "1,2";
			};
			name = Release;
		};
/* End XCBuildConfiguration section */

/* Begin XCConfigurationList section */
		18004B20235C4B9900CD0AF4 /* Build configuration list for PBXProject "EasyFilter" */ = {
			isa = XCConfigurationList;
			buildConfigurations = (
				18004B38235C4B9F00CD0AF4 /* Debug */,
				18004B39235C4B9F00CD0AF4 /* Release */,
			);
			defaultConfigurationIsVisible = 0;
			defaultConfigurationName = Release;
		};
		18004B3A235C4B9F00CD0AF4 /* Build configuration list for PBXNativeTarget "EasyFilter" */ = {
			isa = XCConfigurationList;
			buildConfigurations = (
				18004B3B235C4B9F00CD0AF4 /* Debug */,
				18004B3C235C4B9F00CD0AF4 /* Release */,
			);
			defaultConfigurationIsVisible = 0;
			defaultConfigurationName = Release;
		};
/* End XCConfigurationList section */

/* Begin XCVersionGroup section */
		18004B2F235C4B9900CD0AF4 /* EasyFilter.xcdatamodeld */ = {
			isa = XCVersionGroup;
			children = (
				18004B30235C4B9900CD0AF4 /* EasyFilter.xcdatamodel */,
			);
			currentVersion = 18004B30235C4B9900CD0AF4 /* EasyFilter.xcdatamodel */;
			path = EasyFilter.xcdatamodeld;
			sourceTree = "<group>";
			versionGroupType = wrapper.xcdatamodel;
		};
/* End XCVersionGroup section */
	};
	rootObject = 18004B1D235C4B9900CD0AF4 /* Project object */;
}
